
Microsoft Visual Studio Solution File, Format Version 12.00
# Visual Studio 15
VisualStudioVersion = 15.0.28010.2050
MinimumVisualStudioVersion = 10.0.40219.1
Project("{9A19103F-16F7-4668-BE54-9A1E7A4F7556}") = "ProjectName.Web.API", "src\1_Presentation\1.1_Web\ProjectName.Web.API\ProjectName.Web.API.csproj", "{A9845D8C-E2E0-459D-872A-C11896724128}"
EndProject
Project("{2150E333-8FDC-42A3-9474-1A3956D46DE8}") = "1 - Presentation", "1 - Presentation", "{B080AE69-C77A-41F8-B3F8-859963B4FC4A}"
EndProject
Project("{2150E333-8FDC-42A3-9474-1A3956D46DE8}") = "2 - Domain", "2 - Domain", "{12C67871-CB7F-4627-B744-774F52BF4D0D}"
EndProject
Project("{2150E333-8FDC-42A3-9474-1A3956D46DE8}") = "2.1 - Shared", "2.1 - Shared", "{77082FAF-73A3-4415-92DF-4EB12722DEA5}"
EndProject
Project("{2150E333-8FDC-42A3-9474-1A3956D46DE8}") = "2.2 - Domain Name", "2.2 - Domain Name", "{D8D822D4-1A47-41FD-BF6D-F394B8961F8A}"
EndProject
Project("{9A19103F-16F7-4668-BE54-9A1E7A4F7556}") = "ProjectName.DomainName.Application", "src\2_Domain\2.2_Domain_Name_1\ProjectName.DomainName.Application\ProjectName.DomainName.Application.csproj", "{4C607882-FFD5-4191-97D1-C7223ACF7654}"
EndProject
Project("{9A19103F-16F7-4668-BE54-9A1E7A4F7556}") = "ProjectName.Shared.Kernel.Core", "src\2_Domain\2.1_Shared\ProjectName.Shared.Kernel.Core\ProjectName.Shared.Kernel.Core.csproj", "{5E9BDD4E-7DC2-42FC-AB7D-357AB88DABD0}"
EndProject
Project("{9A19103F-16F7-4668-BE54-9A1E7A4F7556}") = "ProjectName.DomainName.Domain", "src\2_Domain\2.2_Domain_Name_1\ProjectName.DomainName.Domain\ProjectName.DomainName.Domain.csproj", "{EBC6D8E7-877B-4944-9450-698B92E4E6A6}"
EndProject
Project("{2150E333-8FDC-42A3-9474-1A3956D46DE8}") = "Application", "Application", "{DA3743DD-F6D3-4C3E-9035-BE27D4B88550}"
EndProject
Project("{2150E333-8FDC-42A3-9474-1A3956D46DE8}") = "Domain", "Domain", "{50A99F0C-5B65-4C5A-ACC6-31F948D70C1A}"
EndProject
Project("{2150E333-8FDC-42A3-9474-1A3956D46DE8}") = "Infra", "Infra", "{DF3F44AF-BF88-4EF0-9C1F-40BE561CF297}"
EndProject
Project("{2150E333-8FDC-42A3-9474-1A3956D46DE8}") = "Data", "Data", "{46F070C4-0C6E-4AAF-B15B-6E591D19FA15}"
EndProject
Project("{2150E333-8FDC-42A3-9474-1A3956D46DE8}") = "IoC", "IoC", "{E11A5C5E-58F4-40EB-925A-3D6C30088A6F}"
EndProject
Project("{9A19103F-16F7-4668-BE54-9A1E7A4F7556}") = "ProjectName.DomainName.Infra.Server.Data", "src\2_Domain\2.2_Domain_Name_1\ProjectName.DomainName.Infra.Server.Data\ProjectName.DomainName.Infra.Server.Data.csproj", "{C44B9815-D738-453B-BB2C-D6F9DD57E68F}"
EndProject
Project("{9A19103F-16F7-4668-BE54-9A1E7A4F7556}") = "ProjectName.DomainName.Infra.Server.IoC", "src\2_Domain\2.2_Domain_Name_1\ProjectName.DomainName.Infra.Server.IoC\ProjectName.DomainName.Infra.Server.IoC.csproj", "{2B9A12FE-11C0-432B-B25E-3FF910208102}"
EndProject
Project("{9A19103F-16F7-4668-BE54-9A1E7A4F7556}") = "ProjectName.DomainName.Handlers", "src\2_Domain\2.2_Domain_Name_1\ProjectName.DomainName.Handlers\ProjectName.DomainName.Handlers.csproj", "{D005A422-B690-4AC6-A799-96685857A8D9}"
EndProject
Project("{9A19103F-16F7-4668-BE54-9A1E7A4F7556}") = "ProjectName.Shared.Bus.Abstractions", "src\2_Domain\2.1_Shared\ProjectName.Shared.Bus.Abstractions\ProjectName.Shared.Bus.Abstractions.csproj", "{4E4439AA-475D-4F37-AF2B-F943680DC365}"
EndProject
Project("{9A19103F-16F7-4668-BE54-9A1E7A4F7556}") = "ProjectName.Shared.Bus.Core", "src\2_Domain\2.1_Shared\ProjectName.Shared.Bus.Core\ProjectName.Shared.Bus.Core.csproj", "{BC7943F2-DF42-4B54-BD9E-B4ADB2E6DFDE}"
EndProject
Project("{2150E333-8FDC-42A3-9474-1A3956D46DE8}") = "Bus", "Bus", "{DDB12EBF-78A7-4922-9114-C771CC427AF3}"
EndProject
Project("{2150E333-8FDC-42A3-9474-1A3956D46DE8}") = "Domain", "Domain", "{70EEF3A3-7861-4459-AEFD-386EF142F926}"
EndProject
Project("{9A19103F-16F7-4668-BE54-9A1E7A4F7556}") = "ProjectName.Shared.Infra.IoC", "src\2_Domain\2.1_Shared\ProjectName.Shared.Infra.IoC\ProjectName.Shared.Infra.IoC.csproj", "{EF292174-66A0-438C-A6A6-09885C7E75E8}"
EndProject
Project("{FAE04EC0-301F-11D3-BF4B-00C04F79EFBC}") = "ProjectName.Shared.Abstractions.Application", "src\2_Domain\2.1_Shared\ProjectName.Shared.Abstractions.Application\ProjectName.Shared.Abstractions.Application.csproj", "{B150094B-9D8A-435B-9DEB-68789DEE634C}"
EndProject
Project("{FAE04EC0-301F-11D3-BF4B-00C04F79EFBC}") = "ProjectName.Shared.Abstractions.Domain", "src\2_Domain\2.1_Shared\ProjectName.Shared.Abstractions.Domain\ProjectName.Shared.Abstractions.Domain.csproj", "{BB9077B6-1E0F-4340-AE5F-A4CC505E86E4}"
EndProject
Project("{FAE04EC0-301F-11D3-BF4B-00C04F79EFBC}") = "ProjectName.Shared.Abstractions.Data", "src\2_Domain\2.1_Shared\ProjectName.Shared.Abstractions.Data\ProjectName.Shared.Abstractions.Data.csproj", "{C248E76E-D620-46A2-8FBF-307FB4BFF000}"
EndProject
Global
	GlobalSection(SolutionConfigurationPlatforms) = preSolution
		Debug|Any CPU = Debug|Any CPU
		Release|Any CPU = Release|Any CPU
	EndGlobalSection
	GlobalSection(ProjectConfigurationPlatforms) = postSolution
		{A9845D8C-E2E0-459D-872A-C11896724128}.Debug|Any CPU.ActiveCfg = Debug|Any CPU
		{A9845D8C-E2E0-459D-872A-C11896724128}.Debug|Any CPU.Build.0 = Debug|Any CPU
		{A9845D8C-E2E0-459D-872A-C11896724128}.Release|Any CPU.ActiveCfg = Release|Any CPU
		{A9845D8C-E2E0-459D-872A-C11896724128}.Release|Any CPU.Build.0 = Release|Any CPU
		{4C607882-FFD5-4191-97D1-C7223ACF7654}.Debug|Any CPU.ActiveCfg = Debug|Any CPU
		{4C607882-FFD5-4191-97D1-C7223ACF7654}.Debug|Any CPU.Build.0 = Debug|Any CPU
		{4C607882-FFD5-4191-97D1-C7223ACF7654}.Release|Any CPU.ActiveCfg = Release|Any CPU
		{4C607882-FFD5-4191-97D1-C7223ACF7654}.Release|Any CPU.Build.0 = Release|Any CPU
		{5E9BDD4E-7DC2-42FC-AB7D-357AB88DABD0}.Debug|Any CPU.ActiveCfg = Debug|Any CPU
		{5E9BDD4E-7DC2-42FC-AB7D-357AB88DABD0}.Debug|Any CPU.Build.0 = Debug|Any CPU
		{5E9BDD4E-7DC2-42FC-AB7D-357AB88DABD0}.Release|Any CPU.ActiveCfg = Release|Any CPU
		{5E9BDD4E-7DC2-42FC-AB7D-357AB88DABD0}.Release|Any CPU.Build.0 = Release|Any CPU
		{EBC6D8E7-877B-4944-9450-698B92E4E6A6}.Debug|Any CPU.ActiveCfg = Debug|Any CPU
		{EBC6D8E7-877B-4944-9450-698B92E4E6A6}.Debug|Any CPU.Build.0 = Debug|Any CPU
		{EBC6D8E7-877B-4944-9450-698B92E4E6A6}.Release|Any CPU.ActiveCfg = Release|Any CPU
		{EBC6D8E7-877B-4944-9450-698B92E4E6A6}.Release|Any CPU.Build.0 = Release|Any CPU
		{C44B9815-D738-453B-BB2C-D6F9DD57E68F}.Debug|Any CPU.ActiveCfg = Debug|Any CPU
		{C44B9815-D738-453B-BB2C-D6F9DD57E68F}.Debug|Any CPU.Build.0 = Debug|Any CPU
		{C44B9815-D738-453B-BB2C-D6F9DD57E68F}.Release|Any CPU.ActiveCfg = Release|Any CPU
		{C44B9815-D738-453B-BB2C-D6F9DD57E68F}.Release|Any CPU.Build.0 = Release|Any CPU
		{2B9A12FE-11C0-432B-B25E-3FF910208102}.Debug|Any CPU.ActiveCfg = Debug|Any CPU
		{2B9A12FE-11C0-432B-B25E-3FF910208102}.Debug|Any CPU.Build.0 = Debug|Any CPU
		{2B9A12FE-11C0-432B-B25E-3FF910208102}.Release|Any CPU.ActiveCfg = Release|Any CPU
		{2B9A12FE-11C0-432B-B25E-3FF910208102}.Release|Any CPU.Build.0 = Release|Any CPU
		{D005A422-B690-4AC6-A799-96685857A8D9}.Debug|Any CPU.ActiveCfg = Debug|Any CPU
		{D005A422-B690-4AC6-A799-96685857A8D9}.Debug|Any CPU.Build.0 = Debug|Any CPU
		{D005A422-B690-4AC6-A799-96685857A8D9}.Release|Any CPU.ActiveCfg = Release|Any CPU
		{D005A422-B690-4AC6-A799-96685857A8D9}.Release|Any CPU.Build.0 = Release|Any CPU
		{4E4439AA-475D-4F37-AF2B-F943680DC365}.Debug|Any CPU.ActiveCfg = Debug|Any CPU
		{4E4439AA-475D-4F37-AF2B-F943680DC365}.Debug|Any CPU.Build.0 = Debug|Any CPU
		{4E4439AA-475D-4F37-AF2B-F943680DC365}.Release|Any CPU.ActiveCfg = Release|Any CPU
		{4E4439AA-475D-4F37-AF2B-F943680DC365}.Release|Any CPU.Build.0 = Release|Any CPU
		{BC7943F2-DF42-4B54-BD9E-B4ADB2E6DFDE}.Debug|Any CPU.ActiveCfg = Debug|Any CPU
		{BC7943F2-DF42-4B54-BD9E-B4ADB2E6DFDE}.Debug|Any CPU.Build.0 = Debug|Any CPU
		{BC7943F2-DF42-4B54-BD9E-B4ADB2E6DFDE}.Release|Any CPU.ActiveCfg = Release|Any CPU
		{BC7943F2-DF42-4B54-BD9E-B4ADB2E6DFDE}.Release|Any CPU.Build.0 = Release|Any CPU
		{EF292174-66A0-438C-A6A6-09885C7E75E8}.Debug|Any CPU.ActiveCfg = Debug|Any CPU
		{EF292174-66A0-438C-A6A6-09885C7E75E8}.Debug|Any CPU.Build.0 = Debug|Any CPU
		{EF292174-66A0-438C-A6A6-09885C7E75E8}.Release|Any CPU.ActiveCfg = Release|Any CPU
		{EF292174-66A0-438C-A6A6-09885C7E75E8}.Release|Any CPU.Build.0 = Release|Any CPU
		{B150094B-9D8A-435B-9DEB-68789DEE634C}.Debug|Any CPU.ActiveCfg = Debug|Any CPU
		{B150094B-9D8A-435B-9DEB-68789DEE634C}.Debug|Any CPU.Build.0 = Debug|Any CPU
		{B150094B-9D8A-435B-9DEB-68789DEE634C}.Release|Any CPU.ActiveCfg = Release|Any CPU
		{B150094B-9D8A-435B-9DEB-68789DEE634C}.Release|Any CPU.Build.0 = Release|Any CPU
		{BB9077B6-1E0F-4340-AE5F-A4CC505E86E4}.Debug|Any CPU.ActiveCfg = Debug|Any CPU
		{BB9077B6-1E0F-4340-AE5F-A4CC505E86E4}.Debug|Any CPU.Build.0 = Debug|Any CPU
		{BB9077B6-1E0F-4340-AE5F-A4CC505E86E4}.Release|Any CPU.ActiveCfg = Release|Any CPU
		{BB9077B6-1E0F-4340-AE5F-A4CC505E86E4}.Release|Any CPU.Build.0 = Release|Any CPU
		{C248E76E-D620-46A2-8FBF-307FB4BFF000}.Debug|Any CPU.ActiveCfg = Debug|Any CPU
		{C248E76E-D620-46A2-8FBF-307FB4BFF000}.Debug|Any CPU.Build.0 = Debug|Any CPU
		{C248E76E-D620-46A2-8FBF-307FB4BFF000}.Release|Any CPU.ActiveCfg = Release|Any CPU
		{C248E76E-D620-46A2-8FBF-307FB4BFF000}.Release|Any CPU.Build.0 = Release|Any CPU
	EndGlobalSection
	GlobalSection(SolutionProperties) = preSolution
		HideSolutionNode = FALSE
	EndGlobalSection
	GlobalSection(NestedProjects) = preSolution
		{A9845D8C-E2E0-459D-872A-C11896724128} = {B080AE69-C77A-41F8-B3F8-859963B4FC4A}
		{77082FAF-73A3-4415-92DF-4EB12722DEA5} = {12C67871-CB7F-4627-B744-774F52BF4D0D}
		{D8D822D4-1A47-41FD-BF6D-F394B8961F8A} = {12C67871-CB7F-4627-B744-774F52BF4D0D}
		{4C607882-FFD5-4191-97D1-C7223ACF7654} = {DA3743DD-F6D3-4C3E-9035-BE27D4B88550}
		{5E9BDD4E-7DC2-42FC-AB7D-357AB88DABD0} = {77082FAF-73A3-4415-92DF-4EB12722DEA5}
		{EBC6D8E7-877B-4944-9450-698B92E4E6A6} = {50A99F0C-5B65-4C5A-ACC6-31F948D70C1A}
		{DA3743DD-F6D3-4C3E-9035-BE27D4B88550} = {D8D822D4-1A47-41FD-BF6D-F394B8961F8A}
		{50A99F0C-5B65-4C5A-ACC6-31F948D70C1A} = {D8D822D4-1A47-41FD-BF6D-F394B8961F8A}
		{DF3F44AF-BF88-4EF0-9C1F-40BE561CF297} = {D8D822D4-1A47-41FD-BF6D-F394B8961F8A}
		{46F070C4-0C6E-4AAF-B15B-6E591D19FA15} = {DF3F44AF-BF88-4EF0-9C1F-40BE561CF297}
		{E11A5C5E-58F4-40EB-925A-3D6C30088A6F} = {DF3F44AF-BF88-4EF0-9C1F-40BE561CF297}
		{C44B9815-D738-453B-BB2C-D6F9DD57E68F} = {46F070C4-0C6E-4AAF-B15B-6E591D19FA15}
		{2B9A12FE-11C0-432B-B25E-3FF910208102} = {E11A5C5E-58F4-40EB-925A-3D6C30088A6F}
		{D005A422-B690-4AC6-A799-96685857A8D9} = {50A99F0C-5B65-4C5A-ACC6-31F948D70C1A}
		{4E4439AA-475D-4F37-AF2B-F943680DC365} = {DDB12EBF-78A7-4922-9114-C771CC427AF3}
		{BC7943F2-DF42-4B54-BD9E-B4ADB2E6DFDE} = {DDB12EBF-78A7-4922-9114-C771CC427AF3}
		{DDB12EBF-78A7-4922-9114-C771CC427AF3} = {77082FAF-73A3-4415-92DF-4EB12722DEA5}
		{70EEF3A3-7861-4459-AEFD-386EF142F926} = {77082FAF-73A3-4415-92DF-4EB12722DEA5}
		{EF292174-66A0-438C-A6A6-09885C7E75E8} = {77082FAF-73A3-4415-92DF-4EB12722DEA5}
		{B150094B-9D8A-435B-9DEB-68789DEE634C} = {70EEF3A3-7861-4459-AEFD-386EF142F926}
		{BB9077B6-1E0F-4340-AE5F-A4CC505E86E4} = {70EEF3A3-7861-4459-AEFD-386EF142F926}
		{C248E76E-D620-46A2-8FBF-307FB4BFF000} = {70EEF3A3-7861-4459-AEFD-386EF142F926}
	EndGlobalSection
	GlobalSection(ExtensibilityGlobals) = postSolution
		SolutionGuid = {4E87935F-F5FB-4A16-AC5D-1074E9A430F2}
	EndGlobalSection
EndGlobal
